
Microsoft Visual Studio Solution File, Format Version 12.00
# Visual Studio Version 17
VisualStudioVersion = 17.5.002.0
MinimumVisualStudioVersion = 10.0.40219.1
Project("{2150E333-8FDC-42A3-9474-1A3956D46DE8}") = "prepare", "prepare", "{FE902BB5-A93A-4BF0-AC9D-B3A939241B96}"
EndProject
Project("{9A19103F-16F7-4668-BE54-9A1E7A4F7556}") = "Learning02", "prepare\Learning02\Learning02.csproj", "{0B2841B0-0ED1-48A0-BEC9-3D3D61A647AB}"
EndProject
Project("{9A19103F-16F7-4668-BE54-9A1E7A4F7556}") = "Learning05", "prepare\Learning05\Learning05.csproj", "{FB653FB9-6C36-4771-984F-FEED39916334}"
EndProject
Project("{9A19103F-16F7-4668-BE54-9A1E7A4F7556}") = "Learning04", "prepare\Learning04\Learning04.csproj", "{33A59785-E3B9-4D85-B606-583044DB58AE}"
EndProject
Project("{9A19103F-16F7-4668-BE54-9A1E7A4F7556}") = "Learning03", "prepare\Learning03\Learning03.csproj", "{F8D5C459-DD9E-4A8E-AB4E-5C4A0757999B}"
EndProject
Project("{2150E333-8FDC-42A3-9474-1A3956D46DE8}") = "prove", "prove", "{74024748-164F-40B4-AB5A-D4E5E04E76BE}"
EndProject
Project("{9A19103F-16F7-4668-BE54-9A1E7A4F7556}") = "Develop03", "prove\Develop03\Develop03.csproj", "{0AED0BAC-ABF7-491E-BBFB-30CD19775B98}"
EndProject
Project("{9A19103F-16F7-4668-BE54-9A1E7A4F7556}") = "Develop04", "prove\Develop04\Develop04.csproj", "{62AE35FB-B9F2-46DA-9B9A-84756AE731CC}"
EndProject
Project("{9A19103F-16F7-4668-BE54-9A1E7A4F7556}") = "Develop05", "prove\Develop05\Develop05.csproj", "{5A85B5D2-9CDA-4CC0-92B0-9E41FDC0838B}"
EndProject
Project("{9A19103F-16F7-4668-BE54-9A1E7A4F7556}") = "Develop02", "prove\Develop02\Develop02.csproj", "{587C7490-4B11-46F9-BBB0-ADB9C5E69871}"
EndProject
Project("{2150E333-8FDC-42A3-9474-1A3956D46DE8}") = "sandbox", "sandbox", "{15E1D828-DF49-498A-8709-A2B63BBC5B84}"
EndProject
Project("{9A19103F-16F7-4668-BE54-9A1E7A4F7556}") = "Sandbox", "sandbox\Sandbox\Sandbox.csproj", "{9C30B1FE-632C-4E09-83CB-C4C0092EFF40}"
EndProject
Project("{2150E333-8FDC-42A3-9474-1A3956D46DE8}") = "final", "final", "{62C3196B-D247-4C7A-A4C9-42285C3102A2}"
EndProject
Project("{9A19103F-16F7-4668-BE54-9A1E7A4F7556}") = "FinalProject", "final\FinalProject\FinalProject.csproj", "{E4D8AF7C-B47C-43E6-9AE2-C87C4D399BD5}"
EndProject
Project("{9A19103F-16F7-4668-BE54-9A1E7A4F7556}") = "Foundation1", "final\Foundation1\Foundation1.csproj", "{0F12D49E-28F3-42B1-99DC-3BBE67E40FCA}"
EndProject
Project("{9A19103F-16F7-4668-BE54-9A1E7A4F7556}") = "Foundation4", "final\Foundation4\Foundation4.csproj", "{5A038133-F96E-4E35-8474-44CBE5BA8148}"
EndProject
Project("{9A19103F-16F7-4668-BE54-9A1E7A4F7556}") = "Foundation3", "final\Foundation3\Foundation3.csproj", "{1C7CF6F7-6FF1-4047-AC18-5AFBE768DFD7}"
EndProject
Project("{9A19103F-16F7-4668-BE54-9A1E7A4F7556}") = "Foundation2", "final\Foundation2\Foundation2.csproj", "{17FE3596-6673-4849-BF5F-749A426D6D11}"
EndProject
Project("{2150E333-8FDC-42A3-9474-1A3956D46DE8}") = "csharp-prep", "csharp-prep", "{BC5FEBE9-41C3-4A00-953C-BBF80BC9E644}"
EndProject
Project("{9A19103F-16F7-4668-BE54-9A1E7A4F7556}") = "Prep1", "csharp-prep\Prep1\Prep1.csproj", "{D8037ED4-C995-4EA5-B504-FD0E30F9654B}"
EndProject
Project("{9A19103F-16F7-4668-BE54-9A1E7A4F7556}") = "Prep5", "csharp-prep\Prep5\Prep5.csproj", "{B638F65E-2DF3-4469-89F3-5DE69DA80810}"
EndProject
Project("{9A19103F-16F7-4668-BE54-9A1E7A4F7556}") = "Prep2", "csharp-prep\Prep2\Prep2.csproj", "{E5D775A8-FDC1-4D62-8E35-F00C6E434C6F}"
EndProject
Project("{9A19103F-16F7-4668-BE54-9A1E7A4F7556}") = "Prep3", "csharp-prep\Prep3\Prep3.csproj", "{8E93C6C1-1625-4164-804F-0CDAA5BBFFC3}"
EndProject
Project("{9A19103F-16F7-4668-BE54-9A1E7A4F7556}") = "Prep4", "csharp-prep\Prep4\Prep4.csproj", "{8B41F3F2-4372-4101-9B38-62C8CEE9E137}"
EndProject
Global
	GlobalSection(SolutionConfigurationPlatforms) = preSolution
		Debug|Any CPU = Debug|Any CPU
		Release|Any CPU = Release|Any CPU
	EndGlobalSection
	GlobalSection(ProjectConfigurationPlatforms) = postSolution
		{0B2841B0-0ED1-48A0-BEC9-3D3D61A647AB}.Debug|Any CPU.ActiveCfg = Debug|Any CPU
		{0B2841B0-0ED1-48A0-BEC9-3D3D61A647AB}.Debug|Any CPU.Build.0 = Debug|Any CPU
		{0B2841B0-0ED1-48A0-BEC9-3D3D61A647AB}.Release|Any CPU.ActiveCfg = Release|Any CPU
		{0B2841B0-0ED1-48A0-BEC9-3D3D61A647AB}.Release|Any CPU.Build.0 = Release|Any CPU
		{FB653FB9-6C36-4771-984F-FEED39916334}.Debug|Any CPU.ActiveCfg = Debug|Any CPU
		{FB653FB9-6C36-4771-984F-FEED39916334}.Debug|Any CPU.Build.0 = Debug|Any CPU
		{FB653FB9-6C36-4771-984F-FEED39916334}.Release|Any CPU.ActiveCfg = Release|Any CPU
		{FB653FB9-6C36-4771-984F-FEED39916334}.Release|Any CPU.Build.0 = Release|Any CPU
		{33A59785-E3B9-4D85-B606-583044DB58AE}.Debug|Any CPU.ActiveCfg = Debug|Any CPU
		{33A59785-E3B9-4D85-B606-583044DB58AE}.Debug|Any CPU.Build.0 = Debug|Any CPU
		{33A59785-E3B9-4D85-B606-583044DB58AE}.Release|Any CPU.ActiveCfg = Release|Any CPU
		{33A59785-E3B9-4D85-B606-583044DB58AE}.Release|Any CPU.Build.0 = Release|Any CPU
		{F8D5C459-DD9E-4A8E-AB4E-5C4A0757999B}.Debug|Any CPU.ActiveCfg = Debug|Any CPU
		{F8D5C459-DD9E-4A8E-AB4E-5C4A0757999B}.Debug|Any CPU.Build.0 = Debug|Any CPU
		{F8D5C459-DD9E-4A8E-AB4E-5C4A0757999B}.Release|Any CPU.ActiveCfg = Release|Any CPU
		{F8D5C459-DD9E-4A8E-AB4E-5C4A0757999B}.Release|Any CPU.Build.0 = Release|Any CPU
		{0AED0BAC-ABF7-491E-BBFB-30CD19775B98}.Debug|Any CPU.ActiveCfg = Debug|Any CPU
		{0AED0BAC-ABF7-491E-BBFB-30CD19775B98}.Debug|Any CPU.Build.0 = Debug|Any CPU
		{0AED0BAC-ABF7-491E-BBFB-30CD19775B98}.Release|Any CPU.ActiveCfg = Release|Any CPU
		{0AED0BAC-ABF7-491E-BBFB-30CD19775B98}.Release|Any CPU.Build.0 = Release|Any CPU
		{62AE35FB-B9F2-46DA-9B9A-84756AE731CC}.Debug|Any CPU.ActiveCfg = Debug|Any CPU
		{62AE35FB-B9F2-46DA-9B9A-84756AE731CC}.Debug|Any CPU.Build.0 = Debug|Any CPU
		{62AE35FB-B9F2-46DA-9B9A-84756AE731CC}.Release|Any CPU.ActiveCfg = Release|Any CPU
		{62AE35FB-B9F2-46DA-9B9A-84756AE731CC}.Release|Any CPU.Build.0 = Release|Any CPU
		{5A85B5D2-9CDA-4CC0-92B0-9E41FDC0838B}.Debug|Any CPU.ActiveCfg = Debug|Any CPU
		{5A85B5D2-9CDA-4CC0-92B0-9E41FDC0838B}.Debug|Any CPU.Build.0 = Debug|Any CPU
		{5A85B5D2-9CDA-4CC0-92B0-9E41FDC0838B}.Release|Any CPU.ActiveCfg = Release|Any CPU
		{5A85B5D2-9CDA-4CC0-92B0-9E41FDC0838B}.Release|Any CPU.Build.0 = Release|Any CPU
		{587C7490-4B11-46F9-BBB0-ADB9C5E69871}.Debug|Any CPU.ActiveCfg = Debug|Any CPU
		{587C7490-4B11-46F9-BBB0-ADB9C5E69871}.Debug|Any CPU.Build.0 = Debug|Any CPU
		{587C7490-4B11-46F9-BBB0-ADB9C5E69871}.Release|Any CPU.ActiveCfg = Release|Any CPU
		{587C7490-4B11-46F9-BBB0-ADB9C5E69871}.Release|Any CPU.Build.0 = Release|Any CPU
		{9C30B1FE-632C-4E09-83CB-C4C0092EFF40}.Debug|Any CPU.ActiveCfg = Debug|Any CPU
		{9C30B1FE-632C-4E09-83CB-C4C0092EFF40}.Debug|Any CPU.Build.0 = Debug|Any CPU
		{9C30B1FE-632C-4E09-83CB-C4C0092EFF40}.Release|Any CPU.ActiveCfg = Release|Any CPU
		{9C30B1FE-632C-4E09-83CB-C4C0092EFF40}.Release|Any CPU.Build.0 = Release|Any CPU
		{E4D8AF7C-B47C-43E6-9AE2-C87C4D399BD5}.Debug|Any CPU.ActiveCfg = Debug|Any CPU
		{E4D8AF7C-B47C-43E6-9AE2-C87C4D399BD5}.Debug|Any CPU.Build.0 = Debug|Any CPU
		{E4D8AF7C-B47C-43E6-9AE2-C87C4D399BD5}.Release|Any CPU.ActiveCfg = Release|Any CPU
		{E4D8AF7C-B47C-43E6-9AE2-C87C4D399BD5}.Release|Any CPU.Build.0 = Release|Any CPU
		{0F12D49E-28F3-42B1-99DC-3BBE67E40FCA}.Debug|Any CPU.ActiveCfg = Debug|Any CPU
		{0F12D49E-28F3-42B1-99DC-3BBE67E40FCA}.Debug|Any CPU.Build.0 = Debug|Any CPU
		{0F12D49E-28F3-42B1-99DC-3BBE67E40FCA}.Release|Any CPU.ActiveCfg = Release|Any CPU
		{0F12D49E-28F3-42B1-99DC-3BBE67E40FCA}.Release|Any CPU.Build.0 = Release|Any CPU
		{5A038133-F96E-4E35-8474-44CBE5BA8148}.Debug|Any CPU.ActiveCfg = Debug|Any CPU
		{5A038133-F96E-4E35-8474-44CBE5BA8148}.Debug|Any CPU.Build.0 = Debug|Any CPU
		{5A038133-F96E-4E35-8474-44CBE5BA8148}.Release|Any CPU.ActiveCfg = Release|Any CPU
		{5A038133-F96E-4E35-8474-44CBE5BA8148}.Release|Any CPU.Build.0 = Release|Any CPU
		{1C7CF6F7-6FF1-4047-AC18-5AFBE768DFD7}.Debug|Any CPU.ActiveCfg = Debug|Any CPU
		{1C7CF6F7-6FF1-4047-AC18-5AFBE768DFD7}.Debug|Any CPU.Build.0 = Debug|Any CPU
		{1C7CF6F7-6FF1-4047-AC18-5AFBE768DFD7}.Release|Any CPU.ActiveCfg = Release|Any CPU
		{1C7CF6F7-6FF1-4047-AC18-5AFBE768DFD7}.Release|Any CPU.Build.0 = Release|Any CPU
		{17FE3596-6673-4849-BF5F-749A426D6D11}.Debug|Any CPU.ActiveCfg = Debug|Any CPU
		{17FE3596-6673-4849-BF5F-749A426D6D11}.Debug|Any CPU.Build.0 = Debug|Any CPU
		{17FE3596-6673-4849-BF5F-749A426D6D11}.Release|Any CPU.ActiveCfg = Release|Any CPU
		{17FE3596-6673-4849-BF5F-749A426D6D11}.Release|Any CPU.Build.0 = Release|Any CPU
		{D8037ED4-C995-4EA5-B504-FD0E30F9654B}.Debug|Any CPU.ActiveCfg = Debug|Any CPU
		{D8037ED4-C995-4EA5-B504-FD0E30F9654B}.Debug|Any CPU.Build.0 = Debug|Any CPU
		{D8037ED4-C995-4EA5-B504-FD0E30F9654B}.Release|Any CPU.ActiveCfg = Release|Any CPU
		{D8037ED4-C995-4EA5-B504-FD0E30F9654B}.Release|Any CPU.Build.0 = Release|Any CPU
		{B638F65E-2DF3-4469-89F3-5DE69DA80810}.Debug|Any CPU.ActiveCfg = Debug|Any CPU
		{B638F65E-2DF3-4469-89F3-5DE69DA80810}.Debug|Any CPU.Build.0 = Debug|Any CPU
		{B638F65E-2DF3-4469-89F3-5DE69DA80810}.Release|Any CPU.ActiveCfg = Release|Any CPU
		{B638F65E-2DF3-4469-89F3-5DE69DA80810}.Release|Any CPU.Build.0 = Release|Any CPU
		{E5D775A8-FDC1-4D62-8E35-F00C6E434C6F}.Debug|Any CPU.ActiveCfg = Debug|Any CPU
		{E5D775A8-FDC1-4D62-8E35-F00C6E434C6F}.Debug|Any CPU.Build.0 = Debug|Any CPU
		{E5D775A8-FDC1-4D62-8E35-F00C6E434C6F}.Release|Any CPU.ActiveCfg = Release|Any CPU
		{E5D775A8-FDC1-4D62-8E35-F00C6E434C6F}.Release|Any CPU.Build.0 = Release|Any CPU
		{8E93C6C1-1625-4164-804F-0CDAA5BBFFC3}.Debug|Any CPU.ActiveCfg = Debug|Any CPU
		{8E93C6C1-1625-4164-804F-0CDAA5BBFFC3}.Debug|Any CPU.Build.0 = Debug|Any CPU
		{8E93C6C1-1625-4164-804F-0CDAA5BBFFC3}.Release|Any CPU.ActiveCfg = Release|Any CPU
		{8E93C6C1-1625-4164-804F-0CDAA5BBFFC3}.Release|Any CPU.Build.0 = Release|Any CPU
		{8B41F3F2-4372-4101-9B38-62C8CEE9E137}.Debug|Any CPU.ActiveCfg = Debug|Any CPU
		{8B41F3F2-4372-4101-9B38-62C8CEE9E137}.Debug|Any CPU.Build.0 = Debug|Any CPU
		{8B41F3F2-4372-4101-9B38-62C8CEE9E137}.Release|Any CPU.ActiveCfg = Release|Any CPU
		{8B41F3F2-4372-4101-9B38-62C8CEE9E137}.Release|Any CPU.Build.0 = Release|Any CPU
	EndGlobalSection
	GlobalSection(SolutionProperties) = preSolution
		HideSolutionNode = FALSE
	EndGlobalSection
	GlobalSection(NestedProjects) = preSolution
		{0B2841B0-0ED1-48A0-BEC9-3D3D61A647AB} = {FE902BB5-A93A-4BF0-AC9D-B3A939241B96}
		{FB653FB9-6C36-4771-984F-FEED39916334} = {FE902BB5-A93A-4BF0-AC9D-B3A939241B96}
		{33A59785-E3B9-4D85-B606-583044DB58AE} = {FE902BB5-A93A-4BF0-AC9D-B3A939241B96}
		{F8D5C459-DD9E-4A8E-AB4E-5C4A0757999B} = {FE902BB5-A93A-4BF0-AC9D-B3A939241B96}
		{0AED0BAC-ABF7-491E-BBFB-30CD19775B98} = {74024748-164F-40B4-AB5A-D4E5E04E76BE}
		{62AE35FB-B9F2-46DA-9B9A-84756AE731CC} = {74024748-164F-40B4-AB5A-D4E5E04E76BE}
		{5A85B5D2-9CDA-4CC0-92B0-9E41FDC0838B} = {74024748-164F-40B4-AB5A-D4E5E04E76BE}
		{587C7490-4B11-46F9-BBB0-ADB9C5E69871} = {74024748-164F-40B4-AB5A-D4E5E04E76BE}
		{9C30B1FE-632C-4E09-83CB-C4C0092EFF40} = {15E1D828-DF49-498A-8709-A2B63BBC5B84}
		{E4D8AF7C-B47C-43E6-9AE2-C87C4D399BD5} = {62C3196B-D247-4C7A-A4C9-42285C3102A2}
		{0F12D49E-28F3-42B1-99DC-3BBE67E40FCA} = {62C3196B-D247-4C7A-A4C9-42285C3102A2}
		{5A038133-F96E-4E35-8474-44CBE5BA8148} = {62C3196B-D247-4C7A-A4C9-42285C3102A2}
		{1C7CF6F7-6FF1-4047-AC18-5AFBE768DFD7} = {62C3196B-D247-4C7A-A4C9-42285C3102A2}
		{17FE3596-6673-4849-BF5F-749A426D6D11} = {62C3196B-D247-4C7A-A4C9-42285C3102A2}
		{D8037ED4-C995-4EA5-B504-FD0E30F9654B} = {BC5FEBE9-41C3-4A00-953C-BBF80BC9E644}
		{B638F65E-2DF3-4469-89F3-5DE69DA80810} = {BC5FEBE9-41C3-4A00-953C-BBF80BC9E644}
		{E5D775A8-FDC1-4D62-8E35-F00C6E434C6F} = {BC5FEBE9-41C3-4A00-953C-BBF80BC9E644}
		{8E93C6C1-1625-4164-804F-0CDAA5BBFFC3} = {BC5FEBE9-41C3-4A00-953C-BBF80BC9E644}
		{8B41F3F2-4372-4101-9B38-62C8CEE9E137} = {BC5FEBE9-41C3-4A00-953C-BBF80BC9E644}
	EndGlobalSection
	GlobalSection(ExtensibilityGlobals) = postSolution
		SolutionGuid = {E57BED69-4187-41FB-A505-9F737F2820D4}
	EndGlobalSection
EndGlobal
